
Microsoft Visual Studio Solution File, Format Version 12.00
# Visual Studio Version 17
VisualStudioVersion = 17.1.32328.378
MinimumVisualStudioVersion = 10.0.40219.1
Project("{9A19103F-16F7-4668-BE54-9A1E7A4F7556}") = "Panopticon", "Panopticon\Panopticon.csproj", "{931D621E-CBF1-4C85-B52D-FEE376EE2B1E}"
EndProject
Project("{FAE04EC0-301F-11D3-BF4B-00C04F79EFBC}") = "Panopticon.Shared", "Panopticon.Shared\Panopticon.Shared.csproj", "{74367E38-7D30-442F-A4A4-611B7C0E4406}"
EndProject
Project("{FAE04EC0-301F-11D3-BF4B-00C04F79EFBC}") = "Panopticon.Data", "Panopticon.Data\Panopticon.Data.csproj", "{A6186EDB-08E8-4AD1-9A2D-8C9C1E27C1C9}"
EndProject
Project("{2150E333-8FDC-42A3-9474-1A3956D46DE8}") = "Solution Items", "Solution Items", "{698F859F-B7BA-4C07-95D2-480E68E0C818}"
	ProjectSection(SolutionItems) = preProject
		Dockerfile = Dockerfile
	EndProjectSection
EndProject
Project("{FAE04EC0-301F-11D3-BF4B-00C04F79EFBC}") = "Panopticon.Tests", "Panopticon.Tests\Panopticon.Tests.csproj", "{21C2E777-D020-48F3-AD7A-4BA7D6041A3E}"
EndProject
Global
	GlobalSection(SolutionConfigurationPlatforms) = preSolution
		Debug|Any CPU = Debug|Any CPU
		Release|Any CPU = Release|Any CPU
	EndGlobalSection
	GlobalSection(ProjectConfigurationPlatforms) = postSolution
		{931D621E-CBF1-4C85-B52D-FEE376EE2B1E}.Debug|Any CPU.ActiveCfg = Debug|Any CPU
		{931D621E-CBF1-4C85-B52D-FEE376EE2B1E}.Debug|Any CPU.Build.0 = Debug|Any CPU
		{931D621E-CBF1-4C85-B52D-FEE376EE2B1E}.Release|Any CPU.ActiveCfg = Release|Any CPU
		{931D621E-CBF1-4C85-B52D-FEE376EE2B1E}.Release|Any CPU.Build.0 = Release|Any CPU
		{74367E38-7D30-442F-A4A4-611B7C0E4406}.Debug|Any CPU.ActiveCfg = Debug|Any CPU
		{74367E38-7D30-442F-A4A4-611B7C0E4406}.Debug|Any CPU.Build.0 = Debug|Any CPU
		{74367E38-7D30-442F-A4A4-611B7C0E4406}.Release|Any CPU.ActiveCfg = Release|Any CPU
		{74367E38-7D30-442F-A4A4-611B7C0E4406}.Release|Any CPU.Build.0 = Release|Any CPU
		{A6186EDB-08E8-4AD1-9A2D-8C9C1E27C1C9}.Debug|Any CPU.ActiveCfg = Debug|Any CPU
		{A6186EDB-08E8-4AD1-9A2D-8C9C1E27C1C9}.Debug|Any CPU.Build.0 = Debug|Any CPU
		{A6186EDB-08E8-4AD1-9A2D-8C9C1E27C1C9}.Release|Any CPU.ActiveCfg = Release|Any CPU
		{A6186EDB-08E8-4AD1-9A2D-8C9C1E27C1C9}.Release|Any CPU.Build.0 = Release|Any CPU
		{21C2E777-D020-48F3-AD7A-4BA7D6041A3E}.Debug|Any CPU.ActiveCfg = Debug|Any CPU
		{21C2E777-D020-48F3-AD7A-4BA7D6041A3E}.Debug|Any CPU.Build.0 = Debug|Any CPU
		{21C2E777-D020-48F3-AD7A-4BA7D6041A3E}.Release|Any CPU.ActiveCfg = Release|Any CPU
		{21C2E777-D020-48F3-AD7A-4BA7D6041A3E}.Release|Any CPU.Build.0 = Release|Any CPU
	EndGlobalSection
	GlobalSection(SolutionProperties) = preSolution
		HideSolutionNode = FALSE
	EndGlobalSection
	GlobalSection(ExtensibilityGlobals) = postSolution
		SolutionGuid = {1C51D941-822F-4704-9C27-9B13F9158F80}
	EndGlobalSection
EndGlobal
